# generated by rye
# use `rye lock` or `rye sync` to update this lockfile
#
# last locked with the following flags:
#   pre: false
#   features: []
#   all-features: false
#   with-sources: false
#   generate-hashes: false

-e file:.
anyio==4.4.0
    # via httpx
astroid==3.2.4
    # via pylint
autoflake==2.3.1
autopep8==2.0.4
    # via python-lsp-server
beautifulsoup4==4.12.3
    # via bs4
black==24.4.2
bs4==0.0.2
    # via nerd-font-installer
certifi==2024.7.4
    # via httpcore
    # via httpx
cfgv==3.4.0
    # via pre-commit
click==8.1.7
    # via black
dill==0.3.8
    # via pylint
distlib==0.3.8
    # via virtualenv
docstring-to-markdown==0.15
    # via python-lsp-server
filelock==3.15.4
    # via virtualenv
flake8==7.0.0
    # via python-lsp-server
h11==0.14.0
    # via httpcore
httpcore==1.0.5
    # via httpx
httpx==0.27.0
    # via nerd-font-installer
identify==2.6.0
    # via pre-commit
idna==3.7
    # via anyio
    # via httpx
importlib-metadata==8.2.0
    # via yapf
isort==5.13.2
    # via pylint
jedi==0.19.1
    # via python-lsp-server
mccabe==0.7.0
    # via flake8
    # via pylint
    # via python-lsp-server
mypy==1.11.0
mypy-extensions==1.0.0
    # via black
    # via mypy
nodeenv==1.9.1
    # via pre-commit
packaging==24.1
    # via black
    # via pytoolconfig
parso==0.8.4
    # via jedi
pathspec==0.12.1
    # via black
platformdirs==4.2.2
    # via black
    # via pylint
    # via pytoolconfig
    # via virtualenv
    # via yapf
pluggy==1.5.0
    # via python-lsp-server
pre-commit==3.8.0
pycodestyle==2.11.1
    # via autopep8
    # via flake8
    # via python-lsp-server
pydocstyle==6.3.0
    # via python-lsp-server
pyflakes==3.2.0
    # via autoflake
    # via flake8
    # via python-lsp-server
pylint==3.2.6
    # via python-lsp-server
python-lsp-jsonrpc==1.1.2
    # via python-lsp-server
python-lsp-server==1.11.0
pytoolconfig==1.3.1
    # via rope
pyyaml==6.0.1
    # via pre-commit
rope==1.13.0
    # via python-lsp-server
sniffio==1.3.1
    # via anyio
    # via httpx
snowballstemmer==2.2.0
    # via pydocstyle
soupsieve==2.5
    # via beautifulsoup4
tomli==2.0.1
    # via yapf
tomlkit==0.13.0
    # via pylint
typing-extensions==4.12.2
    # via mypy
ujson==5.10.0
    # via python-lsp-jsonrpc
    # via python-lsp-server
virtualenv==20.26.3
    # via pre-commit
whatthepatch==1.0.6
    # via python-lsp-server
yapf==0.40.2
    # via python-lsp-server
zipp==3.19.2
    # via importlib-metadata
